
Microsoft Visual Studio Solution File, Format Version 12.00
# Visual Studio 15
VisualStudioVersion = 15.0.27428.2037
MinimumVisualStudioVersion = 10.0.40219.1
Project("{FAE04EC0-301F-11D3-BF4B-00C04F79EFBC}") = "I2D", "I2D\I2D.csproj", "{C9B9CDA0-A9BC-4F24-A472-ADD675613CFA}"
EndProject
Global
	GlobalSection(SolutionConfigurationPlatforms) = preSolution
		Debug|Any CPU = Debug|Any CPU
		Release|Any CPU = Release|Any CPU
	EndGlobalSection
	GlobalSection(ProjectConfigurationPlatforms) = postSolution
		{C9B9CDA0-A9BC-4F24-A472-ADD675613CFA}.Debug|Any CPU.ActiveCfg = Debug|Any CPU
		{C9B9CDA0-A9BC-4F24-A472-ADD675613CFA}.Debug|Any CPU.Build.0 = Debug|Any CPU
		{C9B9CDA0-A9BC-4F24-A472-ADD675613CFA}.Release|Any CPU.ActiveCfg = Release|Any CPU
		{C9B9CDA0-A9BC-4F24-A472-ADD675613CFA}.Release|Any CPU.Build.0 = Release|Any CPU
	EndGlobalSection
	GlobalSection(SolutionProperties) = preSolution
		HideSolutionNode = FALSE
	EndGlobalSection
	GlobalSection(ExtensibilityGlobals) = postSolution
		SolutionGuid = {113B2451-4F64-4047-9155-DE7471E48746}
	EndGlobalSection
EndGlobal
